
Microsoft Visual Studio Solution File, Format Version 12.00
# Visual Studio Version 17
VisualStudioVersion = 17.6.33829.357
MinimumVisualStudioVersion = 10.0.40219.1
Project("{FAE04EC0-301F-11D3-BF4B-00C04F79EFBC}") = "WebApp", "WebApp\WebApp.csproj", "{4ED3FE1F-5663-47EF-8DD9-F0A7934C7214}"
EndProject
Project("{FAE04EC0-301F-11D3-BF4B-00C04F79EFBC}") = "Web.Data", "Web.Data\Web.Data.csproj", "{59400000-0B33-4CE1-9223-F62E1A878254}"
EndProject
Global
	GlobalSection(SolutionConfigurationPlatforms) = preSolution
		Debug|Any CPU = Debug|Any CPU
		Release|Any CPU = Release|Any CPU
	EndGlobalSection
	GlobalSection(ProjectConfigurationPlatforms) = postSolution
		{4ED3FE1F-5663-47EF-8DD9-F0A7934C7214}.Debug|Any CPU.ActiveCfg = Debug|Any CPU
		{4ED3FE1F-5663-47EF-8DD9-F0A7934C7214}.Debug|Any CPU.Build.0 = Debug|Any CPU
		{4ED3FE1F-5663-47EF-8DD9-F0A7934C7214}.Release|Any CPU.ActiveCfg = Release|Any CPU
		{4ED3FE1F-5663-47EF-8DD9-F0A7934C7214}.Release|Any CPU.Build.0 = Release|Any CPU
		{59400000-0B33-4CE1-9223-F62E1A878254}.Debug|Any CPU.ActiveCfg = Debug|Any CPU
		{59400000-0B33-4CE1-9223-F62E1A878254}.Debug|Any CPU.Build.0 = Debug|Any CPU
		{59400000-0B33-4CE1-9223-F62E1A878254}.Release|Any CPU.ActiveCfg = Release|Any CPU
		{59400000-0B33-4CE1-9223-F62E1A878254}.Release|Any CPU.Build.0 = Release|Any CPU
	EndGlobalSection
	GlobalSection(SolutionProperties) = preSolution
		HideSolutionNode = FALSE
	EndGlobalSection
	GlobalSection(ExtensibilityGlobals) = postSolution
		SolutionGuid = {FDD8F2D2-F035-4447-8415-69B339E106FC}
	EndGlobalSection
EndGlobal
